
Microsoft Visual Studio Solution File, Format Version 12.00
# Visual Studio Version 18
VisualStudioVersion = 18.0.11222.15 d18.0
MinimumVisualStudioVersion = 10.0.40219.1
Project("{13B669BE-BB05-4DDF-9536-439F39A36129}") = "Cementerio.Disidentes", "Cementerio.Disidentes.phpproj", "{EC6FF79B-18C6-F1DF-58B3-8D6EA7DADBF2}"
EndProject
Global
	GlobalSection(SolutionConfigurationPlatforms) = preSolution
		Debug|Any CPU = Debug|Any CPU
		Release|Any CPU = Release|Any CPU
	EndGlobalSection
	GlobalSection(ProjectConfigurationPlatforms) = postSolution
		{EC6FF79B-18C6-F1DF-58B3-8D6EA7DADBF2}.Debug|Any CPU.ActiveCfg = Debug|Any CPU
		{EC6FF79B-18C6-F1DF-58B3-8D6EA7DADBF2}.Debug|Any CPU.Build.0 = Debug|Any CPU
		{EC6FF79B-18C6-F1DF-58B3-8D6EA7DADBF2}.Release|Any CPU.ActiveCfg = Release|Any CPU
		{EC6FF79B-18C6-F1DF-58B3-8D6EA7DADBF2}.Release|Any CPU.Build.0 = Release|Any CPU
	EndGlobalSection
	GlobalSection(SolutionProperties) = preSolution
		HideSolutionNode = FALSE
	EndGlobalSection
	GlobalSection(ExtensibilityGlobals) = postSolution
		SolutionGuid = {0267AD77-7C41-4A13-845D-D9531FFCB3ED}
	EndGlobalSection
EndGlobal
